
Microsoft Visual Studio Solution File, Format Version 12.00
# Visual Studio Version 17
VisualStudioVersion = 17.14.37328.6 d17.14
MinimumVisualStudioVersion = 10.0.40219.1
Project("{FAE04EC0-301F-11D3-BF4B-00C04F79EFBC}") = "VendorInvoiceApi", "VendorInvoiceApi.csproj", "{162791F3-2280-42F7-B3F3-A235066D4978}"
EndProject
Global
	GlobalSection(SolutionConfigurationPlatforms) = preSolution
		Debug|Any CPU = Debug|Any CPU
		Release|Any CPU = Release|Any CPU
	EndGlobalSection
	GlobalSection(ProjectConfigurationPlatforms) = postSolution
		{162791F3-2280-42F7-B3F3-A235066D4978}.Debug|Any CPU.ActiveCfg = Debug|Any CPU
		{162791F3-2280-42F7-B3F3-A235066D4978}.Debug|Any CPU.Build.0 = Debug|Any CPU
		{162791F3-2280-42F7-B3F3-A235066D4978}.Release|Any CPU.ActiveCfg = Release|Any CPU
		{162791F3-2280-42F7-B3F3-A235066D4978}.Release|Any CPU.Build.0 = Release|Any CPU
	EndGlobalSection
	GlobalSection(SolutionProperties) = preSolution
		HideSolutionNode = FALSE
	EndGlobalSection
	GlobalSection(ExtensibilityGlobals) = postSolution
		SolutionGuid = {7965BCDA-758C-410F-BBE5-95B9DA99F011}
	EndGlobalSection
EndGlobal
